
Microsoft Visual Studio Solution File, Format Version 12.00
# Visual Studio Version 17
VisualStudioVersion = 17.5.33530.505
MinimumVisualStudioVersion = 10.0.40219.1
Project("{9A19103F-16F7-4668-BE54-9A1E7A4F7556}") = "AspNetCoreMvcLab", "AspNetCoreMvcLab\AspNetCoreMvcLab.csproj", "{36462809-CFBF-4075-A27E-87852CDFAD70}"
EndProject
Project("{9A19103F-16F7-4668-BE54-9A1E7A4F7556}") = "AspNetCoreMvcLab.Tests", "AspNetCoreMvcLab.Tests\AspNetCoreMvcLab.Tests.csproj", "{8A63DC61-4B3A-45F2-8391-AC2E80C51B14}"
EndProject
Project("{9A19103F-16F7-4668-BE54-9A1E7A4F7556}") = "EmptyWebApp", "EmptyWebApp\EmptyWebApp.csproj", "{A0601612-8E5E-4372-98B9-A8B8AF89F2A5}"
EndProject
Project("{9A19103F-16F7-4668-BE54-9A1E7A4F7556}") = "AuthClaims", "AuthClaims\AuthClaims.csproj", "{AFD2FF61-E7E0-4DC8-8E2A-6091FA102C09}"
EndProject
Project("{FAE04EC0-301F-11D3-BF4B-00C04F79EFBC}") = "AuthenticationWebApp", "AuthenticationWebApp\AuthenticationWebApp.csproj", "{80000E62-70C8-49DB-8F88-4950FCD83147}"
EndProject
Global
	GlobalSection(SolutionConfigurationPlatforms) = preSolution
		Debug|Any CPU = Debug|Any CPU
		Release|Any CPU = Release|Any CPU
	EndGlobalSection
	GlobalSection(ProjectConfigurationPlatforms) = postSolution
		{36462809-CFBF-4075-A27E-87852CDFAD70}.Debug|Any CPU.ActiveCfg = Debug|Any CPU
		{36462809-CFBF-4075-A27E-87852CDFAD70}.Debug|Any CPU.Build.0 = Debug|Any CPU
		{36462809-CFBF-4075-A27E-87852CDFAD70}.Release|Any CPU.ActiveCfg = Release|Any CPU
		{36462809-CFBF-4075-A27E-87852CDFAD70}.Release|Any CPU.Build.0 = Release|Any CPU
		{8A63DC61-4B3A-45F2-8391-AC2E80C51B14}.Debug|Any CPU.ActiveCfg = Debug|Any CPU
		{8A63DC61-4B3A-45F2-8391-AC2E80C51B14}.Debug|Any CPU.Build.0 = Debug|Any CPU
		{8A63DC61-4B3A-45F2-8391-AC2E80C51B14}.Release|Any CPU.ActiveCfg = Release|Any CPU
		{8A63DC61-4B3A-45F2-8391-AC2E80C51B14}.Release|Any CPU.Build.0 = Release|Any CPU
		{A0601612-8E5E-4372-98B9-A8B8AF89F2A5}.Debug|Any CPU.ActiveCfg = Debug|Any CPU
		{A0601612-8E5E-4372-98B9-A8B8AF89F2A5}.Debug|Any CPU.Build.0 = Debug|Any CPU
		{A0601612-8E5E-4372-98B9-A8B8AF89F2A5}.Release|Any CPU.ActiveCfg = Release|Any CPU
		{A0601612-8E5E-4372-98B9-A8B8AF89F2A5}.Release|Any CPU.Build.0 = Release|Any CPU
		{AFD2FF61-E7E0-4DC8-8E2A-6091FA102C09}.Debug|Any CPU.ActiveCfg = Debug|Any CPU
		{AFD2FF61-E7E0-4DC8-8E2A-6091FA102C09}.Debug|Any CPU.Build.0 = Debug|Any CPU
		{AFD2FF61-E7E0-4DC8-8E2A-6091FA102C09}.Release|Any CPU.ActiveCfg = Release|Any CPU
		{AFD2FF61-E7E0-4DC8-8E2A-6091FA102C09}.Release|Any CPU.Build.0 = Release|Any CPU
		{80000E62-70C8-49DB-8F88-4950FCD83147}.Debug|Any CPU.ActiveCfg = Debug|Any CPU
		{80000E62-70C8-49DB-8F88-4950FCD83147}.Debug|Any CPU.Build.0 = Debug|Any CPU
		{80000E62-70C8-49DB-8F88-4950FCD83147}.Release|Any CPU.ActiveCfg = Release|Any CPU
		{80000E62-70C8-49DB-8F88-4950FCD83147}.Release|Any CPU.Build.0 = Release|Any CPU
	EndGlobalSection
	GlobalSection(SolutionProperties) = preSolution
		HideSolutionNode = FALSE
	EndGlobalSection
	GlobalSection(ExtensibilityGlobals) = postSolution
		SolutionGuid = {E8F192B0-D156-482D-9547-413C6760FB41}
	EndGlobalSection
EndGlobal
